
Microsoft Visual Studio Solution File, Format Version 12.00
# Visual Studio Version 16
VisualStudioVersion = 16.0.30002.166
MinimumVisualStudioVersion = 10.0.40219.1
Project("{FAE04EC0-301F-11D3-BF4B-00C04F79EFBC}") = "MVCDemo", "MVCDemo\MVCDemo.csproj", "{ED3C4461-6839-4E06-81E0-7854472BF98F}"
EndProject
Global
	GlobalSection(SolutionConfigurationPlatforms) = preSolution
		Debug|Any CPU = Debug|Any CPU
		Release|Any CPU = Release|Any CPU
	EndGlobalSection
	GlobalSection(ProjectConfigurationPlatforms) = postSolution
		{ED3C4461-6839-4E06-81E0-7854472BF98F}.Debug|Any CPU.ActiveCfg = Debug|Any CPU
		{ED3C4461-6839-4E06-81E0-7854472BF98F}.Debug|Any CPU.Build.0 = Debug|Any CPU
		{ED3C4461-6839-4E06-81E0-7854472BF98F}.Release|Any CPU.ActiveCfg = Release|Any CPU
		{ED3C4461-6839-4E06-81E0-7854472BF98F}.Release|Any CPU.Build.0 = Release|Any CPU
	EndGlobalSection
	GlobalSection(SolutionProperties) = preSolution
		HideSolutionNode = FALSE
	EndGlobalSection
	GlobalSection(ExtensibilityGlobals) = postSolution
		SolutionGuid = {6B322CD0-C02C-4445-8EA8-1535BB4D5035}
	EndGlobalSection
EndGlobal
